{
  "version": 3,
  "targets": {
    ".NETCoreApp,Version=v3.1": {
      "Incrementalist.Cmd/0.2.2": {
        "type": "package"
      }
    },
    ".NETCoreApp,Version=v3.1/any": {
      "Incrementalist.Cmd/0.2.2": {
        "type": "package",
        "tools": {
          "tools/netcoreapp3.0/any/CommandLine.dll": {},
          "tools/netcoreapp3.0/any/DotnetToolSettings.xml": {},
          "tools/netcoreapp3.0/any/Incrementalist.Cmd.deps.json": {},
          "tools/netcoreapp3.0/any/Incrementalist.Cmd.dll": {},
          "tools/netcoreapp3.0/any/Incrementalist.Cmd.dll.config": {},
          "tools/netcoreapp3.0/any/Incrementalist.Cmd.pdb": {},
          "tools/netcoreapp3.0/any/Incrementalist.Cmd.runtimeconfig.json": {},
          "tools/netcoreapp3.0/any/Incrementalist.dll": {},
          "tools/netcoreapp3.0/any/Incrementalist.pdb": {},
          "tools/netcoreapp3.0/any/LibGit2Sharp.dll": {},
          "tools/netcoreapp3.0/any/Microsoft.Build.Locator.dll": {},
          "tools/netcoreapp3.0/any/Microsoft.CodeAnalysis.CSharp.Workspaces.dll": {},
          "tools/netcoreapp3.0/any/Microsoft.CodeAnalysis.CSharp.dll": {},
          "tools/netcoreapp3.0/any/Microsoft.CodeAnalysis.Workspaces.MSBuild.dll": {},
          "tools/netcoreapp3.0/any/Microsoft.CodeAnalysis.Workspaces.dll": {},
          "tools/netcoreapp3.0/any/Microsoft.CodeAnalysis.dll": {},
          "tools/netcoreapp3.0/any/Microsoft.Extensions.Configuration.Abstractions.dll": {},
          "tools/netcoreapp3.0/any/Microsoft.Extensions.Configuration.Binder.dll": {},
          "tools/netcoreapp3.0/any/Microsoft.Extensions.Configuration.dll": {},
          "tools/netcoreapp3.0/any/Microsoft.Extensions.DependencyInjection.Abstractions.dll": {},
          "tools/netcoreapp3.0/any/Microsoft.Extensions.DependencyInjection.dll": {},
          "tools/netcoreapp3.0/any/Microsoft.Extensions.Logging.Abstractions.dll": {},
          "tools/netcoreapp3.0/any/Microsoft.Extensions.Logging.Configuration.dll": {},
          "tools/netcoreapp3.0/any/Microsoft.Extensions.Logging.Console.dll": {},
          "tools/netcoreapp3.0/any/Microsoft.Extensions.Logging.dll": {},
          "tools/netcoreapp3.0/any/Microsoft.Extensions.Options.ConfigurationExtensions.dll": {},
          "tools/netcoreapp3.0/any/Microsoft.Extensions.Options.dll": {},
          "tools/netcoreapp3.0/any/Microsoft.Extensions.Primitives.dll": {},
          "tools/netcoreapp3.0/any/System.ComponentModel.Annotations.dll": {},
          "tools/netcoreapp3.0/any/System.Composition.AttributedModel.dll": {},
          "tools/netcoreapp3.0/any/System.Composition.Convention.dll": {},
          "tools/netcoreapp3.0/any/System.Composition.Hosting.dll": {},
          "tools/netcoreapp3.0/any/System.Composition.Runtime.dll": {},
          "tools/netcoreapp3.0/any/System.Composition.TypedParts.dll": {},
          "tools/netcoreapp3.0/any/System.Runtime.CompilerServices.Unsafe.dll": {},
          "tools/netcoreapp3.0/any/cs/Microsoft.CodeAnalysis.CSharp.Workspaces.resources.dll": {},
          "tools/netcoreapp3.0/any/cs/Microsoft.CodeAnalysis.CSharp.resources.dll": {},
          "tools/netcoreapp3.0/any/cs/Microsoft.CodeAnalysis.Workspaces.MSBuild.resources.dll": {},
          "tools/netcoreapp3.0/any/cs/Microsoft.CodeAnalysis.Workspaces.resources.dll": {},
          "tools/netcoreapp3.0/any/cs/Microsoft.CodeAnalysis.resources.dll": {},
          "tools/netcoreapp3.0/any/de/Microsoft.CodeAnalysis.CSharp.Workspaces.resources.dll": {},
          "tools/netcoreapp3.0/any/de/Microsoft.CodeAnalysis.CSharp.resources.dll": {},
          "tools/netcoreapp3.0/any/de/Microsoft.CodeAnalysis.Workspaces.MSBuild.resources.dll": {},
          "tools/netcoreapp3.0/any/de/Microsoft.CodeAnalysis.Workspaces.resources.dll": {},
          "tools/netcoreapp3.0/any/de/Microsoft.CodeAnalysis.resources.dll": {},
          "tools/netcoreapp3.0/any/es/Microsoft.CodeAnalysis.CSharp.Workspaces.resources.dll": {},
          "tools/netcoreapp3.0/any/es/Microsoft.CodeAnalysis.CSharp.resources.dll": {},
          "tools/netcoreapp3.0/any/es/Microsoft.CodeAnalysis.Workspaces.MSBuild.resources.dll": {},
          "tools/netcoreapp3.0/any/es/Microsoft.CodeAnalysis.Workspaces.resources.dll": {},
          "tools/netcoreapp3.0/any/es/Microsoft.CodeAnalysis.resources.dll": {},
          "tools/netcoreapp3.0/any/fr/Microsoft.CodeAnalysis.CSharp.Workspaces.resources.dll": {},
          "tools/netcoreapp3.0/any/fr/Microsoft.CodeAnalysis.CSharp.resources.dll": {},
          "tools/netcoreapp3.0/any/fr/Microsoft.CodeAnalysis.Workspaces.MSBuild.resources.dll": {},
          "tools/netcoreapp3.0/any/fr/Microsoft.CodeAnalysis.Workspaces.resources.dll": {},
          "tools/netcoreapp3.0/any/fr/Microsoft.CodeAnalysis.resources.dll": {},
          "tools/netcoreapp3.0/any/it/Microsoft.CodeAnalysis.CSharp.Workspaces.resources.dll": {},
          "tools/netcoreapp3.0/any/it/Microsoft.CodeAnalysis.CSharp.resources.dll": {},
          "tools/netcoreapp3.0/any/it/Microsoft.CodeAnalysis.Workspaces.MSBuild.resources.dll": {},
          "tools/netcoreapp3.0/any/it/Microsoft.CodeAnalysis.Workspaces.resources.dll": {},
          "tools/netcoreapp3.0/any/it/Microsoft.CodeAnalysis.resources.dll": {},
          "tools/netcoreapp3.0/any/ja/Microsoft.CodeAnalysis.CSharp.Workspaces.resources.dll": {},
          "tools/netcoreapp3.0/any/ja/Microsoft.CodeAnalysis.CSharp.resources.dll": {},
          "tools/netcoreapp3.0/any/ja/Microsoft.CodeAnalysis.Workspaces.MSBuild.resources.dll": {},
          "tools/netcoreapp3.0/any/ja/Microsoft.CodeAnalysis.Workspaces.resources.dll": {},
          "tools/netcoreapp3.0/any/ja/Microsoft.CodeAnalysis.resources.dll": {},
          "tools/netcoreapp3.0/any/ko/Microsoft.CodeAnalysis.CSharp.Workspaces.resources.dll": {},
          "tools/netcoreapp3.0/any/ko/Microsoft.CodeAnalysis.CSharp.resources.dll": {},
          "tools/netcoreapp3.0/any/ko/Microsoft.CodeAnalysis.Workspaces.MSBuild.resources.dll": {},
          "tools/netcoreapp3.0/any/ko/Microsoft.CodeAnalysis.Workspaces.resources.dll": {},
          "tools/netcoreapp3.0/any/ko/Microsoft.CodeAnalysis.resources.dll": {},
          "tools/netcoreapp3.0/any/pl/Microsoft.CodeAnalysis.CSharp.Workspaces.resources.dll": {},
          "tools/netcoreapp3.0/any/pl/Microsoft.CodeAnalysis.CSharp.resources.dll": {},
          "tools/netcoreapp3.0/any/pl/Microsoft.CodeAnalysis.Workspaces.MSBuild.resources.dll": {},
          "tools/netcoreapp3.0/any/pl/Microsoft.CodeAnalysis.Workspaces.resources.dll": {},
          "tools/netcoreapp3.0/any/pl/Microsoft.CodeAnalysis.resources.dll": {},
          "tools/netcoreapp3.0/any/pt-BR/Microsoft.CodeAnalysis.CSharp.Workspaces.resources.dll": {},
          "tools/netcoreapp3.0/any/pt-BR/Microsoft.CodeAnalysis.CSharp.resources.dll": {},
          "tools/netcoreapp3.0/any/pt-BR/Microsoft.CodeAnalysis.Workspaces.MSBuild.resources.dll": {},
          "tools/netcoreapp3.0/any/pt-BR/Microsoft.CodeAnalysis.Workspaces.resources.dll": {},
          "tools/netcoreapp3.0/any/pt-BR/Microsoft.CodeAnalysis.resources.dll": {},
          "tools/netcoreapp3.0/any/ru/Microsoft.CodeAnalysis.CSharp.Workspaces.resources.dll": {},
          "tools/netcoreapp3.0/any/ru/Microsoft.CodeAnalysis.CSharp.resources.dll": {},
          "tools/netcoreapp3.0/any/ru/Microsoft.CodeAnalysis.Workspaces.MSBuild.resources.dll": {},
          "tools/netcoreapp3.0/any/ru/Microsoft.CodeAnalysis.Workspaces.resources.dll": {},
          "tools/netcoreapp3.0/any/ru/Microsoft.CodeAnalysis.resources.dll": {},
          "tools/netcoreapp3.0/any/runtimes/alpine-x64/native/libgit2-106a5f2.so": {},
          "tools/netcoreapp3.0/any/runtimes/alpine.3.9-x64/native/libgit2-106a5f2.so": {},
          "tools/netcoreapp3.0/any/runtimes/debian-arm64/native/libgit2-106a5f2.so": {},
          "tools/netcoreapp3.0/any/runtimes/debian.9-x64/native/libgit2-106a5f2.so": {},
          "tools/netcoreapp3.0/any/runtimes/fedora-x64/native/libgit2-106a5f2.so": {},
          "tools/netcoreapp3.0/any/runtimes/linux-x64/native/libgit2-106a5f2.so": {},
          "tools/netcoreapp3.0/any/runtimes/osx/native/libgit2-106a5f2.dylib": {},
          "tools/netcoreapp3.0/any/runtimes/rhel-x64/native/libgit2-106a5f2.so": {},
          "tools/netcoreapp3.0/any/runtimes/ubuntu.16.04-arm64/native/libgit2-106a5f2.so": {},
          "tools/netcoreapp3.0/any/runtimes/ubuntu.18.04-x64/native/libgit2-106a5f2.so": {},
          "tools/netcoreapp3.0/any/runtimes/win-x64/native/git2-106a5f2.dll": {},
          "tools/netcoreapp3.0/any/runtimes/win-x64/native/git2-106a5f2.pdb": {},
          "tools/netcoreapp3.0/any/runtimes/win-x86/native/git2-106a5f2.dll": {},
          "tools/netcoreapp3.0/any/runtimes/win-x86/native/git2-106a5f2.pdb": {},
          "tools/netcoreapp3.0/any/tr/Microsoft.CodeAnalysis.CSharp.Workspaces.resources.dll": {},
          "tools/netcoreapp3.0/any/tr/Microsoft.CodeAnalysis.CSharp.resources.dll": {},
          "tools/netcoreapp3.0/any/tr/Microsoft.CodeAnalysis.Workspaces.MSBuild.resources.dll": {},
          "tools/netcoreapp3.0/any/tr/Microsoft.CodeAnalysis.Workspaces.resources.dll": {},
          "tools/netcoreapp3.0/any/tr/Microsoft.CodeAnalysis.resources.dll": {},
          "tools/netcoreapp3.0/any/zh-Hans/Microsoft.CodeAnalysis.CSharp.Workspaces.resources.dll": {},
          "tools/netcoreapp3.0/any/zh-Hans/Microsoft.CodeAnalysis.CSharp.resources.dll": {},
          "tools/netcoreapp3.0/any/zh-Hans/Microsoft.CodeAnalysis.Workspaces.MSBuild.resources.dll": {},
          "tools/netcoreapp3.0/any/zh-Hans/Microsoft.CodeAnalysis.Workspaces.resources.dll": {},
          "tools/netcoreapp3.0/any/zh-Hans/Microsoft.CodeAnalysis.resources.dll": {},
          "tools/netcoreapp3.0/any/zh-Hant/Microsoft.CodeAnalysis.CSharp.Workspaces.resources.dll": {},
          "tools/netcoreapp3.0/any/zh-Hant/Microsoft.CodeAnalysis.CSharp.resources.dll": {},
          "tools/netcoreapp3.0/any/zh-Hant/Microsoft.CodeAnalysis.Workspaces.MSBuild.resources.dll": {},
          "tools/netcoreapp3.0/any/zh-Hant/Microsoft.CodeAnalysis.Workspaces.resources.dll": {},
          "tools/netcoreapp3.0/any/zh-Hant/Microsoft.CodeAnalysis.resources.dll": {}
        }
      }
    }
  },
  "libraries": {
    "Incrementalist.Cmd/0.2.2": {
      "sha512": "uRzvPGcvUZ3z0ZFHVYPvxcsuBm98ZCxGEiArbrbRhH2u9OLjvBcbsC/7Yg4/ZPRszKsAgn9pQDSUTFcOei9vKA==",
      "type": "package",
      "path": "incrementalist.cmd/0.2.2",
      "hasTools": true,
      "files": [
        ".nupkg.metadata",
        ".signature.p7s",
        "incrementalist.cmd.0.2.2.nupkg.sha512",
        "incrementalist.cmd.nuspec",
        "tools/netcoreapp2.1/any/CommandLine.dll",
        "tools/netcoreapp2.1/any/DotnetToolSettings.xml",
        "tools/netcoreapp2.1/any/Incrementalist.Cmd.deps.json",
        "tools/netcoreapp2.1/any/Incrementalist.Cmd.dll",
        "tools/netcoreapp2.1/any/Incrementalist.Cmd.dll.config",
        "tools/netcoreapp2.1/any/Incrementalist.Cmd.pdb",
        "tools/netcoreapp2.1/any/Incrementalist.Cmd.runtimeconfig.json",
        "tools/netcoreapp2.1/any/Incrementalist.dll",
        "tools/netcoreapp2.1/any/Incrementalist.pdb",
        "tools/netcoreapp2.1/any/LibGit2Sharp.dll",
        "tools/netcoreapp2.1/any/Microsoft.Bcl.AsyncInterfaces.dll",
        "tools/netcoreapp2.1/any/Microsoft.Build.Locator.dll",
        "tools/netcoreapp2.1/any/Microsoft.CodeAnalysis.CSharp.Workspaces.dll",
        "tools/netcoreapp2.1/any/Microsoft.CodeAnalysis.CSharp.dll",
        "tools/netcoreapp2.1/any/Microsoft.CodeAnalysis.Workspaces.MSBuild.dll",
        "tools/netcoreapp2.1/any/Microsoft.CodeAnalysis.Workspaces.dll",
        "tools/netcoreapp2.1/any/Microsoft.CodeAnalysis.dll",
        "tools/netcoreapp2.1/any/Microsoft.Extensions.Configuration.Abstractions.dll",
        "tools/netcoreapp2.1/any/Microsoft.Extensions.Configuration.Binder.dll",
        "tools/netcoreapp2.1/any/Microsoft.Extensions.Configuration.dll",
        "tools/netcoreapp2.1/any/Microsoft.Extensions.DependencyInjection.Abstractions.dll",
        "tools/netcoreapp2.1/any/Microsoft.Extensions.DependencyInjection.dll",
        "tools/netcoreapp2.1/any/Microsoft.Extensions.Logging.Abstractions.dll",
        "tools/netcoreapp2.1/any/Microsoft.Extensions.Logging.Configuration.dll",
        "tools/netcoreapp2.1/any/Microsoft.Extensions.Logging.Console.dll",
        "tools/netcoreapp2.1/any/Microsoft.Extensions.Logging.dll",
        "tools/netcoreapp2.1/any/Microsoft.Extensions.Options.ConfigurationExtensions.dll",
        "tools/netcoreapp2.1/any/Microsoft.Extensions.Options.dll",
        "tools/netcoreapp2.1/any/Microsoft.Extensions.Primitives.dll",
        "tools/netcoreapp2.1/any/System.Composition.AttributedModel.dll",
        "tools/netcoreapp2.1/any/System.Composition.Convention.dll",
        "tools/netcoreapp2.1/any/System.Composition.Hosting.dll",
        "tools/netcoreapp2.1/any/System.Composition.Runtime.dll",
        "tools/netcoreapp2.1/any/System.Composition.TypedParts.dll",
        "tools/netcoreapp2.1/any/System.Runtime.CompilerServices.Unsafe.dll",
        "tools/netcoreapp2.1/any/System.Text.Encoding.CodePages.dll",
        "tools/netcoreapp2.1/any/cs/Microsoft.CodeAnalysis.CSharp.Workspaces.resources.dll",
        "tools/netcoreapp2.1/any/cs/Microsoft.CodeAnalysis.CSharp.resources.dll",
        "tools/netcoreapp2.1/any/cs/Microsoft.CodeAnalysis.Workspaces.MSBuild.resources.dll",
        "tools/netcoreapp2.1/any/cs/Microsoft.CodeAnalysis.Workspaces.resources.dll",
        "tools/netcoreapp2.1/any/cs/Microsoft.CodeAnalysis.resources.dll",
        "tools/netcoreapp2.1/any/de/Microsoft.CodeAnalysis.CSharp.Workspaces.resources.dll",
        "tools/netcoreapp2.1/any/de/Microsoft.CodeAnalysis.CSharp.resources.dll",
        "tools/netcoreapp2.1/any/de/Microsoft.CodeAnalysis.Workspaces.MSBuild.resources.dll",
        "tools/netcoreapp2.1/any/de/Microsoft.CodeAnalysis.Workspaces.resources.dll",
        "tools/netcoreapp2.1/any/de/Microsoft.CodeAnalysis.resources.dll",
        "tools/netcoreapp2.1/any/es/Microsoft.CodeAnalysis.CSharp.Workspaces.resources.dll",
        "tools/netcoreapp2.1/any/es/Microsoft.CodeAnalysis.CSharp.resources.dll",
        "tools/netcoreapp2.1/any/es/Microsoft.CodeAnalysis.Workspaces.MSBuild.resources.dll",
        "tools/netcoreapp2.1/any/es/Microsoft.CodeAnalysis.Workspaces.resources.dll",
        "tools/netcoreapp2.1/any/es/Microsoft.CodeAnalysis.resources.dll",
        "tools/netcoreapp2.1/any/fr/Microsoft.CodeAnalysis.CSharp.Workspaces.resources.dll",
        "tools/netcoreapp2.1/any/fr/Microsoft.CodeAnalysis.CSharp.resources.dll",
        "tools/netcoreapp2.1/any/fr/Microsoft.CodeAnalysis.Workspaces.MSBuild.resources.dll",
        "tools/netcoreapp2.1/any/fr/Microsoft.CodeAnalysis.Workspaces.resources.dll",
        "tools/netcoreapp2.1/any/fr/Microsoft.CodeAnalysis.resources.dll",
        "tools/netcoreapp2.1/any/it/Microsoft.CodeAnalysis.CSharp.Workspaces.resources.dll",
        "tools/netcoreapp2.1/any/it/Microsoft.CodeAnalysis.CSharp.resources.dll",
        "tools/netcoreapp2.1/any/it/Microsoft.CodeAnalysis.Workspaces.MSBuild.resources.dll",
        "tools/netcoreapp2.1/any/it/Microsoft.CodeAnalysis.Workspaces.resources.dll",
        "tools/netcoreapp2.1/any/it/Microsoft.CodeAnalysis.resources.dll",
        "tools/netcoreapp2.1/any/ja/Microsoft.CodeAnalysis.CSharp.Workspaces.resources.dll",
        "tools/netcoreapp2.1/any/ja/Microsoft.CodeAnalysis.CSharp.resources.dll",
        "tools/netcoreapp2.1/any/ja/Microsoft.CodeAnalysis.Workspaces.MSBuild.resources.dll",
        "tools/netcoreapp2.1/any/ja/Microsoft.CodeAnalysis.Workspaces.resources.dll",
        "tools/netcoreapp2.1/any/ja/Microsoft.CodeAnalysis.resources.dll",
        "tools/netcoreapp2.1/any/ko/Microsoft.CodeAnalysis.CSharp.Workspaces.resources.dll",
        "tools/netcoreapp2.1/any/ko/Microsoft.CodeAnalysis.CSharp.resources.dll",
        "tools/netcoreapp2.1/any/ko/Microsoft.CodeAnalysis.Workspaces.MSBuild.resources.dll",
        "tools/netcoreapp2.1/any/ko/Microsoft.CodeAnalysis.Workspaces.resources.dll",
        "tools/netcoreapp2.1/any/ko/Microsoft.CodeAnalysis.resources.dll",
        "tools/netcoreapp2.1/any/pl/Microsoft.CodeAnalysis.CSharp.Workspaces.resources.dll",
        "tools/netcoreapp2.1/any/pl/Microsoft.CodeAnalysis.CSharp.resources.dll",
        "tools/netcoreapp2.1/any/pl/Microsoft.CodeAnalysis.Workspaces.MSBuild.resources.dll",
        "tools/netcoreapp2.1/any/pl/Microsoft.CodeAnalysis.Workspaces.resources.dll",
        "tools/netcoreapp2.1/any/pl/Microsoft.CodeAnalysis.resources.dll",
        "tools/netcoreapp2.1/any/pt-BR/Microsoft.CodeAnalysis.CSharp.Workspaces.resources.dll",
        "tools/netcoreapp2.1/any/pt-BR/Microsoft.CodeAnalysis.CSharp.resources.dll",
        "tools/netcoreapp2.1/any/pt-BR/Microsoft.CodeAnalysis.Workspaces.MSBuild.resources.dll",
        "tools/netcoreapp2.1/any/pt-BR/Microsoft.CodeAnalysis.Workspaces.resources.dll",
        "tools/netcoreapp2.1/any/pt-BR/Microsoft.CodeAnalysis.resources.dll",
        "tools/netcoreapp2.1/any/ru/Microsoft.CodeAnalysis.CSharp.Workspaces.resources.dll",
        "tools/netcoreapp2.1/any/ru/Microsoft.CodeAnalysis.CSharp.resources.dll",
        "tools/netcoreapp2.1/any/ru/Microsoft.CodeAnalysis.Workspaces.MSBuild.resources.dll",
        "tools/netcoreapp2.1/any/ru/Microsoft.CodeAnalysis.Workspaces.resources.dll",
        "tools/netcoreapp2.1/any/ru/Microsoft.CodeAnalysis.resources.dll",
        "tools/netcoreapp2.1/any/runtimes/alpine-x64/native/libgit2-106a5f2.so",
        "tools/netcoreapp2.1/any/runtimes/alpine.3.9-x64/native/libgit2-106a5f2.so",
        "tools/netcoreapp2.1/any/runtimes/debian-arm64/native/libgit2-106a5f2.so",
        "tools/netcoreapp2.1/any/runtimes/debian.9-x64/native/libgit2-106a5f2.so",
        "tools/netcoreapp2.1/any/runtimes/fedora-x64/native/libgit2-106a5f2.so",
        "tools/netcoreapp2.1/any/runtimes/linux-x64/native/libgit2-106a5f2.so",
        "tools/netcoreapp2.1/any/runtimes/osx/native/libgit2-106a5f2.dylib",
        "tools/netcoreapp2.1/any/runtimes/rhel-x64/native/libgit2-106a5f2.so",
        "tools/netcoreapp2.1/any/runtimes/ubuntu.16.04-arm64/native/libgit2-106a5f2.so",
        "tools/netcoreapp2.1/any/runtimes/ubuntu.18.04-x64/native/libgit2-106a5f2.so",
        "tools/netcoreapp2.1/any/runtimes/win-x64/native/git2-106a5f2.dll",
        "tools/netcoreapp2.1/any/runtimes/win-x64/native/git2-106a5f2.pdb",
        "tools/netcoreapp2.1/any/runtimes/win-x86/native/git2-106a5f2.dll",
        "tools/netcoreapp2.1/any/runtimes/win-x86/native/git2-106a5f2.pdb",
        "tools/netcoreapp2.1/any/runtimes/win/lib/netcoreapp2.0/System.Text.Encoding.CodePages.dll",
        "tools/netcoreapp2.1/any/tr/Microsoft.CodeAnalysis.CSharp.Workspaces.resources.dll",
        "tools/netcoreapp2.1/any/tr/Microsoft.CodeAnalysis.CSharp.resources.dll",
        "tools/netcoreapp2.1/any/tr/Microsoft.CodeAnalysis.Workspaces.MSBuild.resources.dll",
        "tools/netcoreapp2.1/any/tr/Microsoft.CodeAnalysis.Workspaces.resources.dll",
        "tools/netcoreapp2.1/any/tr/Microsoft.CodeAnalysis.resources.dll",
        "tools/netcoreapp2.1/any/zh-Hans/Microsoft.CodeAnalysis.CSharp.Workspaces.resources.dll",
        "tools/netcoreapp2.1/any/zh-Hans/Microsoft.CodeAnalysis.CSharp.resources.dll",
        "tools/netcoreapp2.1/any/zh-Hans/Microsoft.CodeAnalysis.Workspaces.MSBuild.resources.dll",
        "tools/netcoreapp2.1/any/zh-Hans/Microsoft.CodeAnalysis.Workspaces.resources.dll",
        "tools/netcoreapp2.1/any/zh-Hans/Microsoft.CodeAnalysis.resources.dll",
        "tools/netcoreapp2.1/any/zh-Hant/Microsoft.CodeAnalysis.CSharp.Workspaces.resources.dll",
        "tools/netcoreapp2.1/any/zh-Hant/Microsoft.CodeAnalysis.CSharp.resources.dll",
        "tools/netcoreapp2.1/any/zh-Hant/Microsoft.CodeAnalysis.Workspaces.MSBuild.resources.dll",
        "tools/netcoreapp2.1/any/zh-Hant/Microsoft.CodeAnalysis.Workspaces.resources.dll",
        "tools/netcoreapp2.1/any/zh-Hant/Microsoft.CodeAnalysis.resources.dll",
        "tools/netcoreapp3.0/any/CommandLine.dll",
        "tools/netcoreapp3.0/any/DotnetToolSettings.xml",
        "tools/netcoreapp3.0/any/Incrementalist.Cmd.deps.json",
        "tools/netcoreapp3.0/any/Incrementalist.Cmd.dll",
        "tools/netcoreapp3.0/any/Incrementalist.Cmd.dll.config",
        "tools/netcoreapp3.0/any/Incrementalist.Cmd.pdb",
        "tools/netcoreapp3.0/any/Incrementalist.Cmd.runtimeconfig.json",
        "tools/netcoreapp3.0/any/Incrementalist.dll",
        "tools/netcoreapp3.0/any/Incrementalist.pdb",
        "tools/netcoreapp3.0/any/LibGit2Sharp.dll",
        "tools/netcoreapp3.0/any/Microsoft.Build.Locator.dll",
        "tools/netcoreapp3.0/any/Microsoft.CodeAnalysis.CSharp.Workspaces.dll",
        "tools/netcoreapp3.0/any/Microsoft.CodeAnalysis.CSharp.dll",
        "tools/netcoreapp3.0/any/Microsoft.CodeAnalysis.Workspaces.MSBuild.dll",
        "tools/netcoreapp3.0/any/Microsoft.CodeAnalysis.Workspaces.dll",
        "tools/netcoreapp3.0/any/Microsoft.CodeAnalysis.dll",
        "tools/netcoreapp3.0/any/Microsoft.Extensions.Configuration.Abstractions.dll",
        "tools/netcoreapp3.0/any/Microsoft.Extensions.Configuration.Binder.dll",
        "tools/netcoreapp3.0/any/Microsoft.Extensions.Configuration.dll",
        "tools/netcoreapp3.0/any/Microsoft.Extensions.DependencyInjection.Abstractions.dll",
        "tools/netcoreapp3.0/any/Microsoft.Extensions.DependencyInjection.dll",
        "tools/netcoreapp3.0/any/Microsoft.Extensions.Logging.Abstractions.dll",
        "tools/netcoreapp3.0/any/Microsoft.Extensions.Logging.Configuration.dll",
        "tools/netcoreapp3.0/any/Microsoft.Extensions.Logging.Console.dll",
        "tools/netcoreapp3.0/any/Microsoft.Extensions.Logging.dll",
        "tools/netcoreapp3.0/any/Microsoft.Extensions.Options.ConfigurationExtensions.dll",
        "tools/netcoreapp3.0/any/Microsoft.Extensions.Options.dll",
        "tools/netcoreapp3.0/any/Microsoft.Extensions.Primitives.dll",
        "tools/netcoreapp3.0/any/System.ComponentModel.Annotations.dll",
        "tools/netcoreapp3.0/any/System.Composition.AttributedModel.dll",
        "tools/netcoreapp3.0/any/System.Composition.Convention.dll",
        "tools/netcoreapp3.0/any/System.Composition.Hosting.dll",
        "tools/netcoreapp3.0/any/System.Composition.Runtime.dll",
        "tools/netcoreapp3.0/any/System.Composition.TypedParts.dll",
        "tools/netcoreapp3.0/any/System.Runtime.CompilerServices.Unsafe.dll",
        "tools/netcoreapp3.0/any/cs/Microsoft.CodeAnalysis.CSharp.Workspaces.resources.dll",
        "tools/netcoreapp3.0/any/cs/Microsoft.CodeAnalysis.CSharp.resources.dll",
        "tools/netcoreapp3.0/any/cs/Microsoft.CodeAnalysis.Workspaces.MSBuild.resources.dll",
        "tools/netcoreapp3.0/any/cs/Microsoft.CodeAnalysis.Workspaces.resources.dll",
        "tools/netcoreapp3.0/any/cs/Microsoft.CodeAnalysis.resources.dll",
        "tools/netcoreapp3.0/any/de/Microsoft.CodeAnalysis.CSharp.Workspaces.resources.dll",
        "tools/netcoreapp3.0/any/de/Microsoft.CodeAnalysis.CSharp.resources.dll",
        "tools/netcoreapp3.0/any/de/Microsoft.CodeAnalysis.Workspaces.MSBuild.resources.dll",
        "tools/netcoreapp3.0/any/de/Microsoft.CodeAnalysis.Workspaces.resources.dll",
        "tools/netcoreapp3.0/any/de/Microsoft.CodeAnalysis.resources.dll",
        "tools/netcoreapp3.0/any/es/Microsoft.CodeAnalysis.CSharp.Workspaces.resources.dll",
        "tools/netcoreapp3.0/any/es/Microsoft.CodeAnalysis.CSharp.resources.dll",
        "tools/netcoreapp3.0/any/es/Microsoft.CodeAnalysis.Workspaces.MSBuild.resources.dll",
        "tools/netcoreapp3.0/any/es/Microsoft.CodeAnalysis.Workspaces.resources.dll",
        "tools/netcoreapp3.0/any/es/Microsoft.CodeAnalysis.resources.dll",
        "tools/netcoreapp3.0/any/fr/Microsoft.CodeAnalysis.CSharp.Workspaces.resources.dll",
        "tools/netcoreapp3.0/any/fr/Microsoft.CodeAnalysis.CSharp.resources.dll",
        "tools/netcoreapp3.0/any/fr/Microsoft.CodeAnalysis.Workspaces.MSBuild.resources.dll",
        "tools/netcoreapp3.0/any/fr/Microsoft.CodeAnalysis.Workspaces.resources.dll",
        "tools/netcoreapp3.0/any/fr/Microsoft.CodeAnalysis.resources.dll",
        "tools/netcoreapp3.0/any/it/Microsoft.CodeAnalysis.CSharp.Workspaces.resources.dll",
        "tools/netcoreapp3.0/any/it/Microsoft.CodeAnalysis.CSharp.resources.dll",
        "tools/netcoreapp3.0/any/it/Microsoft.CodeAnalysis.Workspaces.MSBuild.resources.dll",
        "tools/netcoreapp3.0/any/it/Microsoft.CodeAnalysis.Workspaces.resources.dll",
        "tools/netcoreapp3.0/any/it/Microsoft.CodeAnalysis.resources.dll",
        "tools/netcoreapp3.0/any/ja/Microsoft.CodeAnalysis.CSharp.Workspaces.resources.dll",
        "tools/netcoreapp3.0/any/ja/Microsoft.CodeAnalysis.CSharp.resources.dll",
        "tools/netcoreapp3.0/any/ja/Microsoft.CodeAnalysis.Workspaces.MSBuild.resources.dll",
        "tools/netcoreapp3.0/any/ja/Microsoft.CodeAnalysis.Workspaces.resources.dll",
        "tools/netcoreapp3.0/any/ja/Microsoft.CodeAnalysis.resources.dll",
        "tools/netcoreapp3.0/any/ko/Microsoft.CodeAnalysis.CSharp.Workspaces.resources.dll",
        "tools/netcoreapp3.0/any/ko/Microsoft.CodeAnalysis.CSharp.resources.dll",
        "tools/netcoreapp3.0/any/ko/Microsoft.CodeAnalysis.Workspaces.MSBuild.resources.dll",
        "tools/netcoreapp3.0/any/ko/Microsoft.CodeAnalysis.Workspaces.resources.dll",
        "tools/netcoreapp3.0/any/ko/Microsoft.CodeAnalysis.resources.dll",
        "tools/netcoreapp3.0/any/pl/Microsoft.CodeAnalysis.CSharp.Workspaces.resources.dll",
        "tools/netcoreapp3.0/any/pl/Microsoft.CodeAnalysis.CSharp.resources.dll",
        "tools/netcoreapp3.0/any/pl/Microsoft.CodeAnalysis.Workspaces.MSBuild.resources.dll",
        "tools/netcoreapp3.0/any/pl/Microsoft.CodeAnalysis.Workspaces.resources.dll",
        "tools/netcoreapp3.0/any/pl/Microsoft.CodeAnalysis.resources.dll",
        "tools/netcoreapp3.0/any/pt-BR/Microsoft.CodeAnalysis.CSharp.Workspaces.resources.dll",
        "tools/netcoreapp3.0/any/pt-BR/Microsoft.CodeAnalysis.CSharp.resources.dll",
        "tools/netcoreapp3.0/any/pt-BR/Microsoft.CodeAnalysis.Workspaces.MSBuild.resources.dll",
        "tools/netcoreapp3.0/any/pt-BR/Microsoft.CodeAnalysis.Workspaces.resources.dll",
        "tools/netcoreapp3.0/any/pt-BR/Microsoft.CodeAnalysis.resources.dll",
        "tools/netcoreapp3.0/any/ru/Microsoft.CodeAnalysis.CSharp.Workspaces.resources.dll",
        "tools/netcoreapp3.0/any/ru/Microsoft.CodeAnalysis.CSharp.resources.dll",
        "tools/netcoreapp3.0/any/ru/Microsoft.CodeAnalysis.Workspaces.MSBuild.resources.dll",
        "tools/netcoreapp3.0/any/ru/Microsoft.CodeAnalysis.Workspaces.resources.dll",
        "tools/netcoreapp3.0/any/ru/Microsoft.CodeAnalysis.resources.dll",
        "tools/netcoreapp3.0/any/runtimes/alpine-x64/native/libgit2-106a5f2.so",
        "tools/netcoreapp3.0/any/runtimes/alpine.3.9-x64/native/libgit2-106a5f2.so",
        "tools/netcoreapp3.0/any/runtimes/debian-arm64/native/libgit2-106a5f2.so",
        "tools/netcoreapp3.0/any/runtimes/debian.9-x64/native/libgit2-106a5f2.so",
        "tools/netcoreapp3.0/any/runtimes/fedora-x64/native/libgit2-106a5f2.so",
        "tools/netcoreapp3.0/any/runtimes/linux-x64/native/libgit2-106a5f2.so",
        "tools/netcoreapp3.0/any/runtimes/osx/native/libgit2-106a5f2.dylib",
        "tools/netcoreapp3.0/any/runtimes/rhel-x64/native/libgit2-106a5f2.so",
        "tools/netcoreapp3.0/any/runtimes/ubuntu.16.04-arm64/native/libgit2-106a5f2.so",
        "tools/netcoreapp3.0/any/runtimes/ubuntu.18.04-x64/native/libgit2-106a5f2.so",
        "tools/netcoreapp3.0/any/runtimes/win-x64/native/git2-106a5f2.dll",
        "tools/netcoreapp3.0/any/runtimes/win-x64/native/git2-106a5f2.pdb",
        "tools/netcoreapp3.0/any/runtimes/win-x86/native/git2-106a5f2.dll",
        "tools/netcoreapp3.0/any/runtimes/win-x86/native/git2-106a5f2.pdb",
        "tools/netcoreapp3.0/any/tr/Microsoft.CodeAnalysis.CSharp.Workspaces.resources.dll",
        "tools/netcoreapp3.0/any/tr/Microsoft.CodeAnalysis.CSharp.resources.dll",
        "tools/netcoreapp3.0/any/tr/Microsoft.CodeAnalysis.Workspaces.MSBuild.resources.dll",
        "tools/netcoreapp3.0/any/tr/Microsoft.CodeAnalysis.Workspaces.resources.dll",
        "tools/netcoreapp3.0/any/tr/Microsoft.CodeAnalysis.resources.dll",
        "tools/netcoreapp3.0/any/zh-Hans/Microsoft.CodeAnalysis.CSharp.Workspaces.resources.dll",
        "tools/netcoreapp3.0/any/zh-Hans/Microsoft.CodeAnalysis.CSharp.resources.dll",
        "tools/netcoreapp3.0/any/zh-Hans/Microsoft.CodeAnalysis.Workspaces.MSBuild.resources.dll",
        "tools/netcoreapp3.0/any/zh-Hans/Microsoft.CodeAnalysis.Workspaces.resources.dll",
        "tools/netcoreapp3.0/any/zh-Hans/Microsoft.CodeAnalysis.resources.dll",
        "tools/netcoreapp3.0/any/zh-Hant/Microsoft.CodeAnalysis.CSharp.Workspaces.resources.dll",
        "tools/netcoreapp3.0/any/zh-Hant/Microsoft.CodeAnalysis.CSharp.resources.dll",
        "tools/netcoreapp3.0/any/zh-Hant/Microsoft.CodeAnalysis.Workspaces.MSBuild.resources.dll",
        "tools/netcoreapp3.0/any/zh-Hant/Microsoft.CodeAnalysis.Workspaces.resources.dll",
        "tools/netcoreapp3.0/any/zh-Hant/Microsoft.CodeAnalysis.resources.dll"
      ]
    }
  },
  "projectFileDependencyGroups": {
    ".NETCoreApp,Version=v3.1": [
      "incrementalist.cmd >= 0.2.2"
    ]
  },
  "packageFolders": {
    "Z:\\akka.net\\tools\\incrementalist\\.store\\.stage\\1yn4n4li.c23": {}
  },
  "project": {
    "version": "1.0.0",
    "restore": {
      "projectUniqueName": "C:\\Users\\anibal\\AppData\\Local\\Temp\\2\\st4okrj2.fyv\\restore.csproj",
      "projectName": "restore",
      "projectPath": "C:\\Users\\anibal\\AppData\\Local\\Temp\\2\\st4okrj2.fyv\\restore.csproj",
      "packagesPath": "Z:\\akka.net\\tools\\incrementalist\\.store\\.stage\\1yn4n4li.c23",
      "outputPath": "Z:\\akka.net\\tools\\incrementalist\\.store\\.stage\\1yn4n4li.c23\\",
      "projectStyle": "DotnetToolReference",
      "configFilePaths": [
        "C:\\Users\\anibal\\AppData\\Roaming\\NuGet\\NuGet.Config",
        "C:\\Program Files (x86)\\NuGet\\Config\\Microsoft.VisualStudio.Offline.config"
      ],
      "originalTargetFrameworks": [
        "netcoreapp3.1"
      ],
      "sources": {
        "C:\\Program Files (x86)\\Microsoft SDKs\\NuGetPackages\\": {},
        "https://api.nuget.org/v3/index.json": {}
      },
      "frameworks": {
        "netcoreapp3.1": {
          "projectReferences": {}
        }
      },
      "warningProperties": {
        "warnAsError": [
          "NU1605"
        ]
      }
    },
    "frameworks": {
      "netcoreapp3.1": {
        "dependencies": {
          "incrementalist.cmd": {
            "target": "Package",
            "version": "[0.2.2, )"
          }
        },
        "imports": [
          "net461",
          "net462",
          "net47",
          "net471",
          "net472",
          "net48"
        ],
        "assetTargetFallback": true,
        "warn": true,
        "runtimeIdentifierGraphPath": "C:\\Program Files\\dotnet\\sdk\\3.1.201\\RuntimeIdentifierGraph.json"
      }
    },
    "runtimes": {
      "any": {
        "#import": []
      }
    }
  }
}